
Microsoft Visual Studio Solution File, Format Version 12.00
# Visual Studio Version 16
VisualStudioVersion = 16.0.32802.440
MinimumVisualStudioVersion = 10.0.40219.1
Project("{8BC9CEB8-8B4A-11D0-8D11-00A0C91BC942}") = "Lab07", "Lab07\Lab07.vcxproj", "{3008F265-5AD9-4767-84AF-70E8D39E88CD}"
EndProject
Global
	GlobalSection(SolutionConfigurationPlatforms) = preSolution
		Debug|x64 = Debug|x64
		Debug|x86 = Debug|x86
		Release|x64 = Release|x64
		Release|x86 = Release|x86
	EndGlobalSection
	GlobalSection(ProjectConfigurationPlatforms) = postSolution
		{3008F265-5AD9-4767-84AF-70E8D39E88CD}.Debug|x64.ActiveCfg = Debug|x64
		{3008F265-5AD9-4767-84AF-70E8D39E88CD}.Debug|x64.Build.0 = Debug|x64
		{3008F265-5AD9-4767-84AF-70E8D39E88CD}.Debug|x86.ActiveCfg = Debug|Win32
		{3008F265-5AD9-4767-84AF-70E8D39E88CD}.Debug|x86.Build.0 = Debug|Win32
		{3008F265-5AD9-4767-84AF-70E8D39E88CD}.Release|x64.ActiveCfg = Release|x64
		{3008F265-5AD9-4767-84AF-70E8D39E88CD}.Release|x64.Build.0 = Release|x64
		{3008F265-5AD9-4767-84AF-70E8D39E88CD}.Release|x86.ActiveCfg = Release|Win32
		{3008F265-5AD9-4767-84AF-70E8D39E88CD}.Release|x86.Build.0 = Release|Win32
	EndGlobalSection
	GlobalSection(SolutionProperties) = preSolution
		HideSolutionNode = FALSE
	EndGlobalSection
	GlobalSection(ExtensibilityGlobals) = postSolution
		SolutionGuid = {4FD8DB83-857F-4CC4-A735-42997770C5DC}
	EndGlobalSection
EndGlobal
